
Microsoft Visual Studio Solution File, Format Version 12.00
# Visual Studio Version 17
VisualStudioVersion = 17.13.35825.156 d17.13
MinimumVisualStudioVersion = 10.0.40219.1
Project("{8BC9CEB8-8B4A-11D0-8D11-00A0C91BC942}") = "MazeExplorer", "MazeExplorer.vcxproj", "{A77E800F-21A2-4FEC-ACA6-0A0D73391582}"
EndProject
Global
	GlobalSection(SolutionConfigurationPlatforms) = preSolution
		Debug|x64 = Debug|x64
		Debug|x86 = Debug|x86
		Release|x64 = Release|x64
		Release|x86 = Release|x86
	EndGlobalSection
	GlobalSection(ProjectConfigurationPlatforms) = postSolution
		{A77E800F-21A2-4FEC-ACA6-0A0D73391582}.Debug|x64.ActiveCfg = Debug|x64
		{A77E800F-21A2-4FEC-ACA6-0A0D73391582}.Debug|x64.Build.0 = Debug|x64
		{A77E800F-21A2-4FEC-ACA6-0A0D73391582}.Debug|x86.ActiveCfg = Debug|Win32
		{A77E800F-21A2-4FEC-ACA6-0A0D73391582}.Debug|x86.Build.0 = Debug|Win32
		{A77E800F-21A2-4FEC-ACA6-0A0D73391582}.Release|x64.ActiveCfg = Release|x64
		{A77E800F-21A2-4FEC-ACA6-0A0D73391582}.Release|x64.Build.0 = Release|x64
		{A77E800F-21A2-4FEC-ACA6-0A0D73391582}.Release|x86.ActiveCfg = Release|Win32
		{A77E800F-21A2-4FEC-ACA6-0A0D73391582}.Release|x86.Build.0 = Release|Win32
	EndGlobalSection
	GlobalSection(SolutionProperties) = preSolution
		HideSolutionNode = FALSE
	EndGlobalSection
	GlobalSection(ExtensibilityGlobals) = postSolution
		SolutionGuid = {A0275728-A54C-47E2-846F-91FC504B822A}
	EndGlobalSection
EndGlobal
